
Microsoft Visual Studio Solution File, Format Version 12.00
# Visual Studio Version 16
VisualStudioVersion = 16.0.31410.357
MinimumVisualStudioVersion = 10.0.40219.1
Project("{FAE04EC0-301F-11D3-BF4B-00C04F79EFBC}") = "Наблюдатель", "Наблюдатель\Наблюдатель.csproj", "{8C186ADF-EB08-4AF4-9254-725BE0F91CF9}"
EndProject
Project("{FAE04EC0-301F-11D3-BF4B-00C04F79EFBC}") = "Библиотека", "observer-pattern\Библиотека.csproj", "{5F5619EB-C32E-45A3-9014-BD022A7DE108}"
EndProject
Global
	GlobalSection(SolutionConfigurationPlatforms) = preSolution
		Debug|Any CPU = Debug|Any CPU
		Release|Any CPU = Release|Any CPU
	EndGlobalSection
	GlobalSection(ProjectConfigurationPlatforms) = postSolution
		{8C186ADF-EB08-4AF4-9254-725BE0F91CF9}.Debug|Any CPU.ActiveCfg = Debug|Any CPU
		{8C186ADF-EB08-4AF4-9254-725BE0F91CF9}.Debug|Any CPU.Build.0 = Debug|Any CPU
		{8C186ADF-EB08-4AF4-9254-725BE0F91CF9}.Release|Any CPU.ActiveCfg = Release|Any CPU
		{8C186ADF-EB08-4AF4-9254-725BE0F91CF9}.Release|Any CPU.Build.0 = Release|Any CPU
		{5F5619EB-C32E-45A3-9014-BD022A7DE108}.Debug|Any CPU.ActiveCfg = Debug|Any CPU
		{5F5619EB-C32E-45A3-9014-BD022A7DE108}.Debug|Any CPU.Build.0 = Debug|Any CPU
		{5F5619EB-C32E-45A3-9014-BD022A7DE108}.Release|Any CPU.ActiveCfg = Release|Any CPU
		{5F5619EB-C32E-45A3-9014-BD022A7DE108}.Release|Any CPU.Build.0 = Release|Any CPU
	EndGlobalSection
	GlobalSection(SolutionProperties) = preSolution
		HideSolutionNode = FALSE
	EndGlobalSection
	GlobalSection(ExtensibilityGlobals) = postSolution
		SolutionGuid = {CA0A3F2F-97BB-4CA9-8CA5-051AC43DCA9E}
	EndGlobalSection
EndGlobal
